
Microsoft Visual Studio Solution File, Format Version 12.00
# Visual Studio Version 17
VisualStudioVersion = 17.8.34309.116
MinimumVisualStudioVersion = 10.0.40219.1
Project("{9A19103F-16F7-4668-BE54-9A1E7A4F7556}") = "FileOrganizer", "FileOrganizer\FileOrganizer.csproj", "{3073DA95-315E-49D3-83F2-43ECAF1AB57F}"
EndProject
Project("{9A19103F-16F7-4668-BE54-9A1E7A4F7556}") = "FileOrganizer.Core", "FileOrganizer.Core\FileOrganizer.Core.csproj", "{9B68FFD7-8999-4EE2-B51D-43882C62C499}"
EndProject
Global
	GlobalSection(SolutionConfigurationPlatforms) = preSolution
		Debug|Any CPU = Debug|Any CPU
		Debug|arm64 = Debug|arm64
		Debug|x64 = Debug|x64
		Debug|x86 = Debug|x86
		Release|Any CPU = Release|Any CPU
		Release|arm64 = Release|arm64
		Release|x64 = Release|x64
		Release|x86 = Release|x86
	EndGlobalSection
	GlobalSection(ProjectConfigurationPlatforms) = postSolution
		{3073DA95-315E-49D3-83F2-43ECAF1AB57F}.Debug|Any CPU.ActiveCfg = Debug|x64
		{3073DA95-315E-49D3-83F2-43ECAF1AB57F}.Debug|Any CPU.Build.0 = Debug|x64
		{3073DA95-315E-49D3-83F2-43ECAF1AB57F}.Debug|Any CPU.Deploy.0 = Debug|x64
		{3073DA95-315E-49D3-83F2-43ECAF1AB57F}.Debug|arm64.ActiveCfg = Debug|arm64
		{3073DA95-315E-49D3-83F2-43ECAF1AB57F}.Debug|arm64.Build.0 = Debug|arm64
		{3073DA95-315E-49D3-83F2-43ECAF1AB57F}.Debug|arm64.Deploy.0 = Debug|arm64
		{3073DA95-315E-49D3-83F2-43ECAF1AB57F}.Debug|x64.ActiveCfg = Debug|x64
		{3073DA95-315E-49D3-83F2-43ECAF1AB57F}.Debug|x64.Build.0 = Debug|x64
		{3073DA95-315E-49D3-83F2-43ECAF1AB57F}.Debug|x64.Deploy.0 = Debug|x64
		{3073DA95-315E-49D3-83F2-43ECAF1AB57F}.Debug|x86.ActiveCfg = Debug|x86
		{3073DA95-315E-49D3-83F2-43ECAF1AB57F}.Debug|x86.Build.0 = Debug|x86
		{3073DA95-315E-49D3-83F2-43ECAF1AB57F}.Debug|x86.Deploy.0 = Debug|x86
		{3073DA95-315E-49D3-83F2-43ECAF1AB57F}.Release|Any CPU.ActiveCfg = Release|x64
		{3073DA95-315E-49D3-83F2-43ECAF1AB57F}.Release|Any CPU.Build.0 = Release|x64
		{3073DA95-315E-49D3-83F2-43ECAF1AB57F}.Release|Any CPU.Deploy.0 = Release|x64
		{3073DA95-315E-49D3-83F2-43ECAF1AB57F}.Release|arm64.ActiveCfg = Release|arm64
		{3073DA95-315E-49D3-83F2-43ECAF1AB57F}.Release|arm64.Build.0 = Release|arm64
		{3073DA95-315E-49D3-83F2-43ECAF1AB57F}.Release|arm64.Deploy.0 = Release|arm64
		{3073DA95-315E-49D3-83F2-43ECAF1AB57F}.Release|x64.ActiveCfg = Release|x64
		{3073DA95-315E-49D3-83F2-43ECAF1AB57F}.Release|x64.Build.0 = Release|x64
		{3073DA95-315E-49D3-83F2-43ECAF1AB57F}.Release|x64.Deploy.0 = Release|x64
		{3073DA95-315E-49D3-83F2-43ECAF1AB57F}.Release|x86.ActiveCfg = Release|x86
		{3073DA95-315E-49D3-83F2-43ECAF1AB57F}.Release|x86.Build.0 = Release|x86
		{3073DA95-315E-49D3-83F2-43ECAF1AB57F}.Release|x86.Deploy.0 = Release|x86
		{9B68FFD7-8999-4EE2-B51D-43882C62C499}.Debug|Any CPU.ActiveCfg = Debug|Any CPU
		{9B68FFD7-8999-4EE2-B51D-43882C62C499}.Debug|Any CPU.Build.0 = Debug|Any CPU
		{9B68FFD7-8999-4EE2-B51D-43882C62C499}.Debug|arm64.ActiveCfg = Debug|arm64
		{9B68FFD7-8999-4EE2-B51D-43882C62C499}.Debug|arm64.Build.0 = Debug|arm64
		{9B68FFD7-8999-4EE2-B51D-43882C62C499}.Debug|x64.ActiveCfg = Debug|x64
		{9B68FFD7-8999-4EE2-B51D-43882C62C499}.Debug|x64.Build.0 = Debug|x64
		{9B68FFD7-8999-4EE2-B51D-43882C62C499}.Debug|x86.ActiveCfg = Debug|x86
		{9B68FFD7-8999-4EE2-B51D-43882C62C499}.Debug|x86.Build.0 = Debug|x86
		{9B68FFD7-8999-4EE2-B51D-43882C62C499}.Release|Any CPU.ActiveCfg = Release|Any CPU
		{9B68FFD7-8999-4EE2-B51D-43882C62C499}.Release|Any CPU.Build.0 = Release|Any CPU
		{9B68FFD7-8999-4EE2-B51D-43882C62C499}.Release|arm64.ActiveCfg = Release|arm64
		{9B68FFD7-8999-4EE2-B51D-43882C62C499}.Release|arm64.Build.0 = Release|arm64
		{9B68FFD7-8999-4EE2-B51D-43882C62C499}.Release|x64.ActiveCfg = Release|x64
		{9B68FFD7-8999-4EE2-B51D-43882C62C499}.Release|x64.Build.0 = Release|x64
		{9B68FFD7-8999-4EE2-B51D-43882C62C499}.Release|x86.ActiveCfg = Release|x86
		{9B68FFD7-8999-4EE2-B51D-43882C62C499}.Release|x86.Build.0 = Release|x86
	EndGlobalSection
	GlobalSection(SolutionProperties) = preSolution
		HideSolutionNode = FALSE
	EndGlobalSection
	GlobalSection(ExtensibilityGlobals) = postSolution
		SolutionGuid = {963C1665-787F-4DC2-9494-9C74379E1150}
	EndGlobalSection
EndGlobal
